
Microsoft Visual Studio Solution File, Format Version 11.00
# Visual Studio 2010
Project("{FAE04EC0-301F-11D3-BF4B-00C04F79EFBC}") = "ClassBD", "ClassBD\ClassBD.csproj", "{45074AD2-5605-4849-81BA-DDABEA6ACFE6}"
EndProject
Project("{FAE04EC0-301F-11D3-BF4B-00C04F79EFBC}") = "TPPDAO", "TPPDAO\TPPDAO.csproj", "{B0EBD294-A8F1-4E0B-8B0D-1C71632ED020}"
EndProject
Project("{FAE04EC0-301F-11D3-BF4B-00C04F79EFBC}") = "Web", "OPrivetstviya\Web.csproj", "{C130DE33-6988-43AE-A630-D59EB22FF06B}"
EndProject
Global
	GlobalSection(SolutionConfigurationPlatforms) = preSolution
		Debug|Any CPU = Debug|Any CPU
		Debug|Mixed Platforms = Debug|Mixed Platforms
		Debug|x86 = Debug|x86
		Release|Any CPU = Release|Any CPU
		Release|Mixed Platforms = Release|Mixed Platforms
		Release|x86 = Release|x86
	EndGlobalSection
	GlobalSection(ProjectConfigurationPlatforms) = postSolution
		{45074AD2-5605-4849-81BA-DDABEA6ACFE6}.Debug|Any CPU.ActiveCfg = Debug|Any CPU
		{45074AD2-5605-4849-81BA-DDABEA6ACFE6}.Debug|Any CPU.Build.0 = Debug|Any CPU
		{45074AD2-5605-4849-81BA-DDABEA6ACFE6}.Debug|Mixed Platforms.ActiveCfg = Debug|Any CPU
		{45074AD2-5605-4849-81BA-DDABEA6ACFE6}.Debug|Mixed Platforms.Build.0 = Debug|Any CPU
		{45074AD2-5605-4849-81BA-DDABEA6ACFE6}.Debug|x86.ActiveCfg = Debug|Any CPU
		{45074AD2-5605-4849-81BA-DDABEA6ACFE6}.Debug|x86.Build.0 = Debug|Any CPU
		{45074AD2-5605-4849-81BA-DDABEA6ACFE6}.Release|Any CPU.ActiveCfg = Release|Any CPU
		{45074AD2-5605-4849-81BA-DDABEA6ACFE6}.Release|Any CPU.Build.0 = Release|Any CPU
		{45074AD2-5605-4849-81BA-DDABEA6ACFE6}.Release|Mixed Platforms.ActiveCfg = Release|Any CPU
		{45074AD2-5605-4849-81BA-DDABEA6ACFE6}.Release|Mixed Platforms.Build.0 = Release|Any CPU
		{45074AD2-5605-4849-81BA-DDABEA6ACFE6}.Release|x86.ActiveCfg = Release|Any CPU
		{45074AD2-5605-4849-81BA-DDABEA6ACFE6}.Release|x86.Build.0 = Release|Any CPU
		{B0EBD294-A8F1-4E0B-8B0D-1C71632ED020}.Debug|Any CPU.ActiveCfg = Debug|Any CPU
		{B0EBD294-A8F1-4E0B-8B0D-1C71632ED020}.Debug|Any CPU.Build.0 = Debug|Any CPU
		{B0EBD294-A8F1-4E0B-8B0D-1C71632ED020}.Debug|Mixed Platforms.ActiveCfg = Debug|Any CPU
		{B0EBD294-A8F1-4E0B-8B0D-1C71632ED020}.Debug|Mixed Platforms.Build.0 = Debug|Any CPU
		{B0EBD294-A8F1-4E0B-8B0D-1C71632ED020}.Debug|x86.ActiveCfg = Debug|Any CPU
		{B0EBD294-A8F1-4E0B-8B0D-1C71632ED020}.Debug|x86.Build.0 = Debug|Any CPU
		{B0EBD294-A8F1-4E0B-8B0D-1C71632ED020}.Release|Any CPU.ActiveCfg = Release|Any CPU
		{B0EBD294-A8F1-4E0B-8B0D-1C71632ED020}.Release|Any CPU.Build.0 = Release|Any CPU
		{B0EBD294-A8F1-4E0B-8B0D-1C71632ED020}.Release|Mixed Platforms.ActiveCfg = Release|Any CPU
		{B0EBD294-A8F1-4E0B-8B0D-1C71632ED020}.Release|Mixed Platforms.Build.0 = Release|Any CPU
		{B0EBD294-A8F1-4E0B-8B0D-1C71632ED020}.Release|x86.ActiveCfg = Release|Any CPU
		{B0EBD294-A8F1-4E0B-8B0D-1C71632ED020}.Release|x86.Build.0 = Release|Any CPU
		{C130DE33-6988-43AE-A630-D59EB22FF06B}.Debug|Any CPU.ActiveCfg = Debug|x86
		{C130DE33-6988-43AE-A630-D59EB22FF06B}.Debug|Mixed Platforms.ActiveCfg = Debug|x86
		{C130DE33-6988-43AE-A630-D59EB22FF06B}.Debug|Mixed Platforms.Build.0 = Debug|x86
		{C130DE33-6988-43AE-A630-D59EB22FF06B}.Debug|x86.ActiveCfg = Debug|x86
		{C130DE33-6988-43AE-A630-D59EB22FF06B}.Debug|x86.Build.0 = Debug|x86
		{C130DE33-6988-43AE-A630-D59EB22FF06B}.Release|Any CPU.ActiveCfg = Release|x86
		{C130DE33-6988-43AE-A630-D59EB22FF06B}.Release|Mixed Platforms.ActiveCfg = Release|x86
		{C130DE33-6988-43AE-A630-D59EB22FF06B}.Release|Mixed Platforms.Build.0 = Release|x86
		{C130DE33-6988-43AE-A630-D59EB22FF06B}.Release|x86.ActiveCfg = Release|x86
		{C130DE33-6988-43AE-A630-D59EB22FF06B}.Release|x86.Build.0 = Release|x86
	EndGlobalSection
	GlobalSection(SolutionProperties) = preSolution
		HideSolutionNode = FALSE
	EndGlobalSection
EndGlobal
